
Microsoft Visual Studio Solution File, Format Version 12.00
# Visual Studio 14
VisualStudioVersion = 14.0.25420.1
MinimumVisualStudioVersion = 10.0.40219.1
Project("{FAE04EC0-301F-11D3-BF4B-00C04F79EFBC}") = "FortyTwo.Board", "FortyTwo.Board\FortyTwo.Board.csproj", "{37D82112-082B-42F4-9F30-4BCBC2683C55}"
EndProject
Project("{FAE04EC0-301F-11D3-BF4B-00C04F79EFBC}") = "FortyTwo.BoardWebAPI", "FortyTwo.BoardWebAPI\FortyTwo.BoardWebAPI.csproj", "{C4CF50C0-32B2-418F-B241-3546E10EF177}"
EndProject
Project("{2150E333-8FDC-42A3-9474-1A3956D46DE8}") = "DB", "DB", "{CB1ECC09-6F29-461A-8961-886338A80F49}"
	ProjectSection(SolutionItems) = preProject
		DB\42.Board.bak = DB\42.Board.bak
	EndProjectSection
EndProject
Global
	GlobalSection(SolutionConfigurationPlatforms) = preSolution
		Debug|Any CPU = Debug|Any CPU
		Release|Any CPU = Release|Any CPU
	EndGlobalSection
	GlobalSection(ProjectConfigurationPlatforms) = postSolution
		{37D82112-082B-42F4-9F30-4BCBC2683C55}.Debug|Any CPU.ActiveCfg = Debug|Any CPU
		{37D82112-082B-42F4-9F30-4BCBC2683C55}.Debug|Any CPU.Build.0 = Debug|Any CPU
		{37D82112-082B-42F4-9F30-4BCBC2683C55}.Release|Any CPU.ActiveCfg = Release|Any CPU
		{37D82112-082B-42F4-9F30-4BCBC2683C55}.Release|Any CPU.Build.0 = Release|Any CPU
		{C4CF50C0-32B2-418F-B241-3546E10EF177}.Debug|Any CPU.ActiveCfg = Debug|Any CPU
		{C4CF50C0-32B2-418F-B241-3546E10EF177}.Debug|Any CPU.Build.0 = Debug|Any CPU
		{C4CF50C0-32B2-418F-B241-3546E10EF177}.Release|Any CPU.ActiveCfg = Release|Any CPU
		{C4CF50C0-32B2-418F-B241-3546E10EF177}.Release|Any CPU.Build.0 = Release|Any CPU
	EndGlobalSection
	GlobalSection(SolutionProperties) = preSolution
		HideSolutionNode = FALSE
	EndGlobalSection
EndGlobal
